
Microsoft Visual Studio Solution File, Format Version 12.00
# Visual Studio 14
VisualStudioVersion = 14.0.25123.0
MinimumVisualStudioVersion = 10.0.40219.1
Project("{FAE04EC0-301F-11D3-BF4B-00C04F79EFBC}") = "STLExport", "Source\STLExport.csproj", "{23F3F6FA-7A67-4D7E-983D-F2464DBE6C95}"
EndProject
Global
	GlobalSection(SolutionConfigurationPlatforms) = preSolution
		CD_ROM|Any CPU = CD_ROM|Any CPU
		Debug|Any CPU = Debug|Any CPU
		DVD-5|Any CPU = DVD-5|Any CPU
		Release|Any CPU = Release|Any CPU
		SingleImage|Any CPU = SingleImage|Any CPU
	EndGlobalSection
	GlobalSection(ProjectConfigurationPlatforms) = postSolution
		{23F3F6FA-7A67-4D7E-983D-F2464DBE6C95}.CD_ROM|Any CPU.ActiveCfg = Release|Any CPU
		{23F3F6FA-7A67-4D7E-983D-F2464DBE6C95}.CD_ROM|Any CPU.Build.0 = Release|Any CPU
		{23F3F6FA-7A67-4D7E-983D-F2464DBE6C95}.Debug|Any CPU.ActiveCfg = Debug|Any CPU
		{23F3F6FA-7A67-4D7E-983D-F2464DBE6C95}.Debug|Any CPU.Build.0 = Debug|Any CPU
		{23F3F6FA-7A67-4D7E-983D-F2464DBE6C95}.DVD-5|Any CPU.ActiveCfg = Debug|Any CPU
		{23F3F6FA-7A67-4D7E-983D-F2464DBE6C95}.DVD-5|Any CPU.Build.0 = Debug|Any CPU
		{23F3F6FA-7A67-4D7E-983D-F2464DBE6C95}.Release|Any CPU.ActiveCfg = Release|Any CPU
		{23F3F6FA-7A67-4D7E-983D-F2464DBE6C95}.Release|Any CPU.Build.0 = Release|Any CPU
		{23F3F6FA-7A67-4D7E-983D-F2464DBE6C95}.SingleImage|Any CPU.ActiveCfg = Release|Any CPU
		{23F3F6FA-7A67-4D7E-983D-F2464DBE6C95}.SingleImage|Any CPU.Build.0 = Release|Any CPU
	EndGlobalSection
	GlobalSection(SolutionProperties) = preSolution
		HideSolutionNode = FALSE
	EndGlobalSection
EndGlobal
