
Microsoft Visual Studio Solution File, Format Version 12.00
# Visual Studio 2013
VisualStudioVersion = 12.0.31101.0
MinimumVisualStudioVersion = 10.0.40219.1
Project("{FAE04EC0-301F-11D3-BF4B-00C04F79EFBC}") = "STLExport", "Source\STLExport.csproj", "{23F3F6FA-7A67-4D7E-983D-F2464DBE6C95}"
EndProject
Project("{6141683F-8A12-4E36-9623-2EB02B2C2303}") = "Setup", "Setup\Setup.isproj", "{9C3F8462-1BF7-43C3-967A-0D71920918A3}"
EndProject
Global
	GlobalSection(SolutionConfigurationPlatforms) = preSolution
		CD_ROM|Any CPU = CD_ROM|Any CPU
		Debug|Any CPU = Debug|Any CPU
		DVD-5|Any CPU = DVD-5|Any CPU
		Release|Any CPU = Release|Any CPU
		SingleImage|Any CPU = SingleImage|Any CPU
	EndGlobalSection
	GlobalSection(ProjectConfigurationPlatforms) = postSolution
		{23F3F6FA-7A67-4D7E-983D-F2464DBE6C95}.CD_ROM|Any CPU.ActiveCfg = Release|Any CPU
		{23F3F6FA-7A67-4D7E-983D-F2464DBE6C95}.CD_ROM|Any CPU.Build.0 = Release|Any CPU
		{23F3F6FA-7A67-4D7E-983D-F2464DBE6C95}.Debug|Any CPU.ActiveCfg = Debug|Any CPU
		{23F3F6FA-7A67-4D7E-983D-F2464DBE6C95}.Debug|Any CPU.Build.0 = Debug|Any CPU
		{23F3F6FA-7A67-4D7E-983D-F2464DBE6C95}.DVD-5|Any CPU.ActiveCfg = Debug|Any CPU
		{23F3F6FA-7A67-4D7E-983D-F2464DBE6C95}.DVD-5|Any CPU.Build.0 = Debug|Any CPU
		{23F3F6FA-7A67-4D7E-983D-F2464DBE6C95}.Release|Any CPU.ActiveCfg = Release|Any CPU
		{23F3F6FA-7A67-4D7E-983D-F2464DBE6C95}.Release|Any CPU.Build.0 = Release|Any CPU
		{23F3F6FA-7A67-4D7E-983D-F2464DBE6C95}.SingleImage|Any CPU.ActiveCfg = Release|Any CPU
		{23F3F6FA-7A67-4D7E-983D-F2464DBE6C95}.SingleImage|Any CPU.Build.0 = Release|Any CPU
		{9C3F8462-1BF7-43C3-967A-0D71920918A3}.CD_ROM|Any CPU.ActiveCfg = CD_ROM
		{9C3F8462-1BF7-43C3-967A-0D71920918A3}.CD_ROM|Any CPU.Build.0 = CD_ROM
		{9C3F8462-1BF7-43C3-967A-0D71920918A3}.Debug|Any CPU.ActiveCfg = DVD-5
		{9C3F8462-1BF7-43C3-967A-0D71920918A3}.Debug|Any CPU.Build.0 = DVD-5
		{9C3F8462-1BF7-43C3-967A-0D71920918A3}.DVD-5|Any CPU.ActiveCfg = DVD-5
		{9C3F8462-1BF7-43C3-967A-0D71920918A3}.DVD-5|Any CPU.Build.0 = DVD-5
		{9C3F8462-1BF7-43C3-967A-0D71920918A3}.Release|Any CPU.ActiveCfg = SingleImage
		{9C3F8462-1BF7-43C3-967A-0D71920918A3}.Release|Any CPU.Build.0 = SingleImage
		{9C3F8462-1BF7-43C3-967A-0D71920918A3}.SingleImage|Any CPU.ActiveCfg = SingleImage
		{9C3F8462-1BF7-43C3-967A-0D71920918A3}.SingleImage|Any CPU.Build.0 = SingleImage
	EndGlobalSection
	GlobalSection(SolutionProperties) = preSolution
		HideSolutionNode = FALSE
	EndGlobalSection
EndGlobal
